
Microsoft Visual Studio Solution File, Format Version 12.00
# Visual Studio Version 16
VisualStudioVersion = 16.0.31829.152
MinimumVisualStudioVersion = 10.0.40219.1
Project("{2150E333-8FDC-42A3-9474-1A3956D46DE8}") = "Core", "Core", "{40194377-B67C-4B16-B19E-3A84090835A1}"
EndProject
Project("{2150E333-8FDC-42A3-9474-1A3956D46DE8}") = "Libs", "Libs", "{9F0FA310-5B02-4A83-BC85-AA2C977B024D}"
EndProject
Project("{FAE04EC0-301F-11D3-BF4B-00C04F79EFBC}") = "GH.Cfg", "Libs\GH.Cfg\GH.Cfg.csproj", "{599F6695-AA1D-4657-B57C-5852C8F7BE04}"
EndProject
Project("{FAE04EC0-301F-11D3-BF4B-00C04F79EFBC}") = "GH.Context", "Libs\GH.Context\GH.Context.csproj", "{A57B184C-89CC-47CF-9696-5D437F877710}"
EndProject
Project("{FAE04EC0-301F-11D3-BF4B-00C04F79EFBC}") = "GH.Entity", "Libs\GH.Entity\GH.Entity.csproj", "{583743DD-DBF7-425B-B8DB-BC0F9B3DF67B}"
EndProject
Project("{FAE04EC0-301F-11D3-BF4B-00C04F79EFBC}") = "GH.Utils", "Libs\GH.Utils\GH.Utils.csproj", "{84646A6F-54E1-415A-B424-980883FAB86D}"
EndProject
Project("{FAE04EC0-301F-11D3-BF4B-00C04F79EFBC}") = "GH.Forms", "Libs\GH.Controls\GH.Forms.csproj", "{3C45CCBD-45FE-4EEA-91BA-B0B61BB5B481}"
EndProject
Project("{FAE04EC0-301F-11D3-BF4B-00C04F79EFBC}") = "GH.Resourses", "Libs\GH.Resourses\GH.Resourses.csproj", "{F9925C54-4F85-4566-A4A0-B31A09A8B0A2}"
EndProject
Project("{FAE04EC0-301F-11D3-BF4B-00C04F79EFBC}") = "PostAgent.Application", "Core\PostAgent.Application\PostAgent.Application.csproj", "{78B7E88A-05F2-41F4-BD49-6F05A10D8782}"
EndProject
Project("{2150E333-8FDC-42A3-9474-1A3956D46DE8}") = "Presentation", "Presentation", "{13608681-180E-40DB-A8C2-E1608BEC58F0}"
EndProject
Project("{FAE04EC0-301F-11D3-BF4B-00C04F79EFBC}") = "PostAgent.Domain", "Core\PostAgent.Domain\PostAgent.Domain.csproj", "{B94E5885-DF26-4997-830F-FDD399E84733}"
EndProject
Project("{FAE04EC0-301F-11D3-BF4B-00C04F79EFBC}") = "PostAgent", "PostAgent.csproj", "{56957DC0-FF86-46CA-9061-D1AD47E653CE}"
EndProject
Project("{FAE04EC0-301F-11D3-BF4B-00C04F79EFBC}") = "TestForm", "Tests\TestForm\TestForm.csproj", "{473FE956-80E1-42DD-8889-346AB77521F6}"
EndProject
Global
	GlobalSection(SolutionConfigurationPlatforms) = preSolution
		Debug|Any CPU = Debug|Any CPU
		Debug|ARM = Debug|ARM
		Debug|ARM64 = Debug|ARM64
		Debug|x64 = Debug|x64
		Debug|x86 = Debug|x86
		Release|Any CPU = Release|Any CPU
		Release|ARM = Release|ARM
		Release|ARM64 = Release|ARM64
		Release|x64 = Release|x64
		Release|x86 = Release|x86
	EndGlobalSection
	GlobalSection(ProjectConfigurationPlatforms) = postSolution
		{599F6695-AA1D-4657-B57C-5852C8F7BE04}.Debug|Any CPU.ActiveCfg = Debug|Any CPU
		{599F6695-AA1D-4657-B57C-5852C8F7BE04}.Debug|Any CPU.Build.0 = Debug|Any CPU
		{599F6695-AA1D-4657-B57C-5852C8F7BE04}.Debug|ARM.ActiveCfg = Debug|Any CPU
		{599F6695-AA1D-4657-B57C-5852C8F7BE04}.Debug|ARM.Build.0 = Debug|Any CPU
		{599F6695-AA1D-4657-B57C-5852C8F7BE04}.Debug|ARM64.ActiveCfg = Debug|Any CPU
		{599F6695-AA1D-4657-B57C-5852C8F7BE04}.Debug|ARM64.Build.0 = Debug|Any CPU
		{599F6695-AA1D-4657-B57C-5852C8F7BE04}.Debug|x64.ActiveCfg = Debug|Any CPU
		{599F6695-AA1D-4657-B57C-5852C8F7BE04}.Debug|x64.Build.0 = Debug|Any CPU
		{599F6695-AA1D-4657-B57C-5852C8F7BE04}.Debug|x86.ActiveCfg = Debug|Any CPU
		{599F6695-AA1D-4657-B57C-5852C8F7BE04}.Debug|x86.Build.0 = Debug|Any CPU
		{599F6695-AA1D-4657-B57C-5852C8F7BE04}.Release|Any CPU.ActiveCfg = Release|Any CPU
		{599F6695-AA1D-4657-B57C-5852C8F7BE04}.Release|Any CPU.Build.0 = Release|Any CPU
		{599F6695-AA1D-4657-B57C-5852C8F7BE04}.Release|ARM.ActiveCfg = Release|Any CPU
		{599F6695-AA1D-4657-B57C-5852C8F7BE04}.Release|ARM.Build.0 = Release|Any CPU
		{599F6695-AA1D-4657-B57C-5852C8F7BE04}.Release|ARM64.ActiveCfg = Release|Any CPU
		{599F6695-AA1D-4657-B57C-5852C8F7BE04}.Release|ARM64.Build.0 = Release|Any CPU
		{599F6695-AA1D-4657-B57C-5852C8F7BE04}.Release|x64.ActiveCfg = Release|Any CPU
		{599F6695-AA1D-4657-B57C-5852C8F7BE04}.Release|x64.Build.0 = Release|Any CPU
		{599F6695-AA1D-4657-B57C-5852C8F7BE04}.Release|x86.ActiveCfg = Release|Any CPU
		{599F6695-AA1D-4657-B57C-5852C8F7BE04}.Release|x86.Build.0 = Release|Any CPU
		{A57B184C-89CC-47CF-9696-5D437F877710}.Debug|Any CPU.ActiveCfg = Debug|Any CPU
		{A57B184C-89CC-47CF-9696-5D437F877710}.Debug|Any CPU.Build.0 = Debug|Any CPU
		{A57B184C-89CC-47CF-9696-5D437F877710}.Debug|ARM.ActiveCfg = Debug|Any CPU
		{A57B184C-89CC-47CF-9696-5D437F877710}.Debug|ARM.Build.0 = Debug|Any CPU
		{A57B184C-89CC-47CF-9696-5D437F877710}.Debug|ARM64.ActiveCfg = Debug|Any CPU
		{A57B184C-89CC-47CF-9696-5D437F877710}.Debug|ARM64.Build.0 = Debug|Any CPU
		{A57B184C-89CC-47CF-9696-5D437F877710}.Debug|x64.ActiveCfg = Debug|Any CPU
		{A57B184C-89CC-47CF-9696-5D437F877710}.Debug|x64.Build.0 = Debug|Any CPU
		{A57B184C-89CC-47CF-9696-5D437F877710}.Debug|x86.ActiveCfg = Debug|Any CPU
		{A57B184C-89CC-47CF-9696-5D437F877710}.Debug|x86.Build.0 = Debug|Any CPU
		{A57B184C-89CC-47CF-9696-5D437F877710}.Release|Any CPU.ActiveCfg = Release|Any CPU
		{A57B184C-89CC-47CF-9696-5D437F877710}.Release|Any CPU.Build.0 = Release|Any CPU
		{A57B184C-89CC-47CF-9696-5D437F877710}.Release|ARM.ActiveCfg = Release|Any CPU
		{A57B184C-89CC-47CF-9696-5D437F877710}.Release|ARM.Build.0 = Release|Any CPU
		{A57B184C-89CC-47CF-9696-5D437F877710}.Release|ARM64.ActiveCfg = Release|Any CPU
		{A57B184C-89CC-47CF-9696-5D437F877710}.Release|ARM64.Build.0 = Release|Any CPU
		{A57B184C-89CC-47CF-9696-5D437F877710}.Release|x64.ActiveCfg = Release|Any CPU
		{A57B184C-89CC-47CF-9696-5D437F877710}.Release|x64.Build.0 = Release|Any CPU
		{A57B184C-89CC-47CF-9696-5D437F877710}.Release|x86.ActiveCfg = Release|Any CPU
		{A57B184C-89CC-47CF-9696-5D437F877710}.Release|x86.Build.0 = Release|Any CPU
		{583743DD-DBF7-425B-B8DB-BC0F9B3DF67B}.Debug|Any CPU.ActiveCfg = Debug|Any CPU
		{583743DD-DBF7-425B-B8DB-BC0F9B3DF67B}.Debug|Any CPU.Build.0 = Debug|Any CPU
		{583743DD-DBF7-425B-B8DB-BC0F9B3DF67B}.Debug|ARM.ActiveCfg = Debug|Any CPU
		{583743DD-DBF7-425B-B8DB-BC0F9B3DF67B}.Debug|ARM.Build.0 = Debug|Any CPU
		{583743DD-DBF7-425B-B8DB-BC0F9B3DF67B}.Debug|ARM64.ActiveCfg = Debug|Any CPU
		{583743DD-DBF7-425B-B8DB-BC0F9B3DF67B}.Debug|ARM64.Build.0 = Debug|Any CPU
		{583743DD-DBF7-425B-B8DB-BC0F9B3DF67B}.Debug|x64.ActiveCfg = Debug|Any CPU
		{583743DD-DBF7-425B-B8DB-BC0F9B3DF67B}.Debug|x64.Build.0 = Debug|Any CPU
		{583743DD-DBF7-425B-B8DB-BC0F9B3DF67B}.Debug|x86.ActiveCfg = Debug|Any CPU
		{583743DD-DBF7-425B-B8DB-BC0F9B3DF67B}.Debug|x86.Build.0 = Debug|Any CPU
		{583743DD-DBF7-425B-B8DB-BC0F9B3DF67B}.Release|Any CPU.ActiveCfg = Release|Any CPU
		{583743DD-DBF7-425B-B8DB-BC0F9B3DF67B}.Release|Any CPU.Build.0 = Release|Any CPU
		{583743DD-DBF7-425B-B8DB-BC0F9B3DF67B}.Release|ARM.ActiveCfg = Release|Any CPU
		{583743DD-DBF7-425B-B8DB-BC0F9B3DF67B}.Release|ARM.Build.0 = Release|Any CPU
		{583743DD-DBF7-425B-B8DB-BC0F9B3DF67B}.Release|ARM64.ActiveCfg = Release|Any CPU
		{583743DD-DBF7-425B-B8DB-BC0F9B3DF67B}.Release|ARM64.Build.0 = Release|Any CPU
		{583743DD-DBF7-425B-B8DB-BC0F9B3DF67B}.Release|x64.ActiveCfg = Release|Any CPU
		{583743DD-DBF7-425B-B8DB-BC0F9B3DF67B}.Release|x64.Build.0 = Release|Any CPU
		{583743DD-DBF7-425B-B8DB-BC0F9B3DF67B}.Release|x86.ActiveCfg = Release|Any CPU
		{583743DD-DBF7-425B-B8DB-BC0F9B3DF67B}.Release|x86.Build.0 = Release|Any CPU
		{84646A6F-54E1-415A-B424-980883FAB86D}.Debug|Any CPU.ActiveCfg = Debug|Any CPU
		{84646A6F-54E1-415A-B424-980883FAB86D}.Debug|Any CPU.Build.0 = Debug|Any CPU
		{84646A6F-54E1-415A-B424-980883FAB86D}.Debug|ARM.ActiveCfg = Debug|Any CPU
		{84646A6F-54E1-415A-B424-980883FAB86D}.Debug|ARM.Build.0 = Debug|Any CPU
		{84646A6F-54E1-415A-B424-980883FAB86D}.Debug|ARM64.ActiveCfg = Debug|Any CPU
		{84646A6F-54E1-415A-B424-980883FAB86D}.Debug|ARM64.Build.0 = Debug|Any CPU
		{84646A6F-54E1-415A-B424-980883FAB86D}.Debug|x64.ActiveCfg = Debug|Any CPU
		{84646A6F-54E1-415A-B424-980883FAB86D}.Debug|x64.Build.0 = Debug|Any CPU
		{84646A6F-54E1-415A-B424-980883FAB86D}.Debug|x86.ActiveCfg = Debug|Any CPU
		{84646A6F-54E1-415A-B424-980883FAB86D}.Debug|x86.Build.0 = Debug|Any CPU
		{84646A6F-54E1-415A-B424-980883FAB86D}.Release|Any CPU.ActiveCfg = Release|Any CPU
		{84646A6F-54E1-415A-B424-980883FAB86D}.Release|Any CPU.Build.0 = Release|Any CPU
		{84646A6F-54E1-415A-B424-980883FAB86D}.Release|ARM.ActiveCfg = Release|Any CPU
		{84646A6F-54E1-415A-B424-980883FAB86D}.Release|ARM.Build.0 = Release|Any CPU
		{84646A6F-54E1-415A-B424-980883FAB86D}.Release|ARM64.ActiveCfg = Release|Any CPU
		{84646A6F-54E1-415A-B424-980883FAB86D}.Release|ARM64.Build.0 = Release|Any CPU
		{84646A6F-54E1-415A-B424-980883FAB86D}.Release|x64.ActiveCfg = Release|Any CPU
		{84646A6F-54E1-415A-B424-980883FAB86D}.Release|x64.Build.0 = Release|Any CPU
		{84646A6F-54E1-415A-B424-980883FAB86D}.Release|x86.ActiveCfg = Release|Any CPU
		{84646A6F-54E1-415A-B424-980883FAB86D}.Release|x86.Build.0 = Release|Any CPU
		{3C45CCBD-45FE-4EEA-91BA-B0B61BB5B481}.Debug|Any CPU.ActiveCfg = Debug|Any CPU
		{3C45CCBD-45FE-4EEA-91BA-B0B61BB5B481}.Debug|Any CPU.Build.0 = Debug|Any CPU
		{3C45CCBD-45FE-4EEA-91BA-B0B61BB5B481}.Debug|ARM.ActiveCfg = Debug|Any CPU
		{3C45CCBD-45FE-4EEA-91BA-B0B61BB5B481}.Debug|ARM.Build.0 = Debug|Any CPU
		{3C45CCBD-45FE-4EEA-91BA-B0B61BB5B481}.Debug|ARM64.ActiveCfg = Debug|Any CPU
		{3C45CCBD-45FE-4EEA-91BA-B0B61BB5B481}.Debug|ARM64.Build.0 = Debug|Any CPU
		{3C45CCBD-45FE-4EEA-91BA-B0B61BB5B481}.Debug|x64.ActiveCfg = Debug|Any CPU
		{3C45CCBD-45FE-4EEA-91BA-B0B61BB5B481}.Debug|x64.Build.0 = Debug|Any CPU
		{3C45CCBD-45FE-4EEA-91BA-B0B61BB5B481}.Debug|x86.ActiveCfg = Debug|Any CPU
		{3C45CCBD-45FE-4EEA-91BA-B0B61BB5B481}.Debug|x86.Build.0 = Debug|Any CPU
		{3C45CCBD-45FE-4EEA-91BA-B0B61BB5B481}.Release|Any CPU.ActiveCfg = Release|Any CPU
		{3C45CCBD-45FE-4EEA-91BA-B0B61BB5B481}.Release|Any CPU.Build.0 = Release|Any CPU
		{3C45CCBD-45FE-4EEA-91BA-B0B61BB5B481}.Release|ARM.ActiveCfg = Release|Any CPU
		{3C45CCBD-45FE-4EEA-91BA-B0B61BB5B481}.Release|ARM.Build.0 = Release|Any CPU
		{3C45CCBD-45FE-4EEA-91BA-B0B61BB5B481}.Release|ARM64.ActiveCfg = Release|Any CPU
		{3C45CCBD-45FE-4EEA-91BA-B0B61BB5B481}.Release|ARM64.Build.0 = Release|Any CPU
		{3C45CCBD-45FE-4EEA-91BA-B0B61BB5B481}.Release|x64.ActiveCfg = Release|Any CPU
		{3C45CCBD-45FE-4EEA-91BA-B0B61BB5B481}.Release|x64.Build.0 = Release|Any CPU
		{3C45CCBD-45FE-4EEA-91BA-B0B61BB5B481}.Release|x86.ActiveCfg = Release|Any CPU
		{3C45CCBD-45FE-4EEA-91BA-B0B61BB5B481}.Release|x86.Build.0 = Release|Any CPU
		{F9925C54-4F85-4566-A4A0-B31A09A8B0A2}.Debug|Any CPU.ActiveCfg = Debug|Any CPU
		{F9925C54-4F85-4566-A4A0-B31A09A8B0A2}.Debug|Any CPU.Build.0 = Debug|Any CPU
		{F9925C54-4F85-4566-A4A0-B31A09A8B0A2}.Debug|ARM.ActiveCfg = Debug|Any CPU
		{F9925C54-4F85-4566-A4A0-B31A09A8B0A2}.Debug|ARM.Build.0 = Debug|Any CPU
		{F9925C54-4F85-4566-A4A0-B31A09A8B0A2}.Debug|ARM64.ActiveCfg = Debug|Any CPU
		{F9925C54-4F85-4566-A4A0-B31A09A8B0A2}.Debug|ARM64.Build.0 = Debug|Any CPU
		{F9925C54-4F85-4566-A4A0-B31A09A8B0A2}.Debug|x64.ActiveCfg = Debug|Any CPU
		{F9925C54-4F85-4566-A4A0-B31A09A8B0A2}.Debug|x64.Build.0 = Debug|Any CPU
		{F9925C54-4F85-4566-A4A0-B31A09A8B0A2}.Debug|x86.ActiveCfg = Debug|Any CPU
		{F9925C54-4F85-4566-A4A0-B31A09A8B0A2}.Debug|x86.Build.0 = Debug|Any CPU
		{F9925C54-4F85-4566-A4A0-B31A09A8B0A2}.Release|Any CPU.ActiveCfg = Release|Any CPU
		{F9925C54-4F85-4566-A4A0-B31A09A8B0A2}.Release|Any CPU.Build.0 = Release|Any CPU
		{F9925C54-4F85-4566-A4A0-B31A09A8B0A2}.Release|ARM.ActiveCfg = Release|Any CPU
		{F9925C54-4F85-4566-A4A0-B31A09A8B0A2}.Release|ARM.Build.0 = Release|Any CPU
		{F9925C54-4F85-4566-A4A0-B31A09A8B0A2}.Release|ARM64.ActiveCfg = Release|Any CPU
		{F9925C54-4F85-4566-A4A0-B31A09A8B0A2}.Release|ARM64.Build.0 = Release|Any CPU
		{F9925C54-4F85-4566-A4A0-B31A09A8B0A2}.Release|x64.ActiveCfg = Release|Any CPU
		{F9925C54-4F85-4566-A4A0-B31A09A8B0A2}.Release|x64.Build.0 = Release|Any CPU
		{F9925C54-4F85-4566-A4A0-B31A09A8B0A2}.Release|x86.ActiveCfg = Release|Any CPU
		{F9925C54-4F85-4566-A4A0-B31A09A8B0A2}.Release|x86.Build.0 = Release|Any CPU
		{78B7E88A-05F2-41F4-BD49-6F05A10D8782}.Debug|Any CPU.ActiveCfg = Debug|Any CPU
		{78B7E88A-05F2-41F4-BD49-6F05A10D8782}.Debug|Any CPU.Build.0 = Debug|Any CPU
		{78B7E88A-05F2-41F4-BD49-6F05A10D8782}.Debug|ARM.ActiveCfg = Debug|Any CPU
		{78B7E88A-05F2-41F4-BD49-6F05A10D8782}.Debug|ARM.Build.0 = Debug|Any CPU
		{78B7E88A-05F2-41F4-BD49-6F05A10D8782}.Debug|ARM64.ActiveCfg = Debug|Any CPU
		{78B7E88A-05F2-41F4-BD49-6F05A10D8782}.Debug|ARM64.Build.0 = Debug|Any CPU
		{78B7E88A-05F2-41F4-BD49-6F05A10D8782}.Debug|x64.ActiveCfg = Debug|Any CPU
		{78B7E88A-05F2-41F4-BD49-6F05A10D8782}.Debug|x64.Build.0 = Debug|Any CPU
		{78B7E88A-05F2-41F4-BD49-6F05A10D8782}.Debug|x86.ActiveCfg = Debug|Any CPU
		{78B7E88A-05F2-41F4-BD49-6F05A10D8782}.Debug|x86.Build.0 = Debug|Any CPU
		{78B7E88A-05F2-41F4-BD49-6F05A10D8782}.Release|Any CPU.ActiveCfg = Release|Any CPU
		{78B7E88A-05F2-41F4-BD49-6F05A10D8782}.Release|Any CPU.Build.0 = Release|Any CPU
		{78B7E88A-05F2-41F4-BD49-6F05A10D8782}.Release|ARM.ActiveCfg = Release|Any CPU
		{78B7E88A-05F2-41F4-BD49-6F05A10D8782}.Release|ARM.Build.0 = Release|Any CPU
		{78B7E88A-05F2-41F4-BD49-6F05A10D8782}.Release|ARM64.ActiveCfg = Release|Any CPU
		{78B7E88A-05F2-41F4-BD49-6F05A10D8782}.Release|ARM64.Build.0 = Release|Any CPU
		{78B7E88A-05F2-41F4-BD49-6F05A10D8782}.Release|x64.ActiveCfg = Release|Any CPU
		{78B7E88A-05F2-41F4-BD49-6F05A10D8782}.Release|x64.Build.0 = Release|Any CPU
		{78B7E88A-05F2-41F4-BD49-6F05A10D8782}.Release|x86.ActiveCfg = Release|Any CPU
		{78B7E88A-05F2-41F4-BD49-6F05A10D8782}.Release|x86.Build.0 = Release|Any CPU
		{B94E5885-DF26-4997-830F-FDD399E84733}.Debug|Any CPU.ActiveCfg = Debug|Any CPU
		{B94E5885-DF26-4997-830F-FDD399E84733}.Debug|Any CPU.Build.0 = Debug|Any CPU
		{B94E5885-DF26-4997-830F-FDD399E84733}.Debug|ARM.ActiveCfg = Debug|Any CPU
		{B94E5885-DF26-4997-830F-FDD399E84733}.Debug|ARM.Build.0 = Debug|Any CPU
		{B94E5885-DF26-4997-830F-FDD399E84733}.Debug|ARM64.ActiveCfg = Debug|Any CPU
		{B94E5885-DF26-4997-830F-FDD399E84733}.Debug|ARM64.Build.0 = Debug|Any CPU
		{B94E5885-DF26-4997-830F-FDD399E84733}.Debug|x64.ActiveCfg = Debug|Any CPU
		{B94E5885-DF26-4997-830F-FDD399E84733}.Debug|x64.Build.0 = Debug|Any CPU
		{B94E5885-DF26-4997-830F-FDD399E84733}.Debug|x86.ActiveCfg = Debug|Any CPU
		{B94E5885-DF26-4997-830F-FDD399E84733}.Debug|x86.Build.0 = Debug|Any CPU
		{B94E5885-DF26-4997-830F-FDD399E84733}.Release|Any CPU.ActiveCfg = Release|Any CPU
		{B94E5885-DF26-4997-830F-FDD399E84733}.Release|Any CPU.Build.0 = Release|Any CPU
		{B94E5885-DF26-4997-830F-FDD399E84733}.Release|ARM.ActiveCfg = Release|Any CPU
		{B94E5885-DF26-4997-830F-FDD399E84733}.Release|ARM.Build.0 = Release|Any CPU
		{B94E5885-DF26-4997-830F-FDD399E84733}.Release|ARM64.ActiveCfg = Release|Any CPU
		{B94E5885-DF26-4997-830F-FDD399E84733}.Release|ARM64.Build.0 = Release|Any CPU
		{B94E5885-DF26-4997-830F-FDD399E84733}.Release|x64.ActiveCfg = Release|Any CPU
		{B94E5885-DF26-4997-830F-FDD399E84733}.Release|x64.Build.0 = Release|Any CPU
		{B94E5885-DF26-4997-830F-FDD399E84733}.Release|x86.ActiveCfg = Release|Any CPU
		{B94E5885-DF26-4997-830F-FDD399E84733}.Release|x86.Build.0 = Release|Any CPU
		{56957DC0-FF86-46CA-9061-D1AD47E653CE}.Debug|Any CPU.ActiveCfg = Debug|Any CPU
		{56957DC0-FF86-46CA-9061-D1AD47E653CE}.Debug|Any CPU.Build.0 = Debug|Any CPU
		{56957DC0-FF86-46CA-9061-D1AD47E653CE}.Debug|ARM.ActiveCfg = Debug|Any CPU
		{56957DC0-FF86-46CA-9061-D1AD47E653CE}.Debug|ARM.Build.0 = Debug|Any CPU
		{56957DC0-FF86-46CA-9061-D1AD47E653CE}.Debug|ARM64.ActiveCfg = Debug|Any CPU
		{56957DC0-FF86-46CA-9061-D1AD47E653CE}.Debug|ARM64.Build.0 = Debug|Any CPU
		{56957DC0-FF86-46CA-9061-D1AD47E653CE}.Debug|x64.ActiveCfg = Debug|Any CPU
		{56957DC0-FF86-46CA-9061-D1AD47E653CE}.Debug|x64.Build.0 = Debug|Any CPU
		{56957DC0-FF86-46CA-9061-D1AD47E653CE}.Debug|x86.ActiveCfg = Debug|Any CPU
		{56957DC0-FF86-46CA-9061-D1AD47E653CE}.Debug|x86.Build.0 = Debug|Any CPU
		{56957DC0-FF86-46CA-9061-D1AD47E653CE}.Release|Any CPU.ActiveCfg = Release|Any CPU
		{56957DC0-FF86-46CA-9061-D1AD47E653CE}.Release|Any CPU.Build.0 = Release|Any CPU
		{56957DC0-FF86-46CA-9061-D1AD47E653CE}.Release|ARM.ActiveCfg = Release|Any CPU
		{56957DC0-FF86-46CA-9061-D1AD47E653CE}.Release|ARM.Build.0 = Release|Any CPU
		{56957DC0-FF86-46CA-9061-D1AD47E653CE}.Release|ARM64.ActiveCfg = Release|Any CPU
		{56957DC0-FF86-46CA-9061-D1AD47E653CE}.Release|ARM64.Build.0 = Release|Any CPU
		{56957DC0-FF86-46CA-9061-D1AD47E653CE}.Release|x64.ActiveCfg = Release|Any CPU
		{56957DC0-FF86-46CA-9061-D1AD47E653CE}.Release|x64.Build.0 = Release|Any CPU
		{56957DC0-FF86-46CA-9061-D1AD47E653CE}.Release|x86.ActiveCfg = Release|Any CPU
		{56957DC0-FF86-46CA-9061-D1AD47E653CE}.Release|x86.Build.0 = Release|Any CPU
		{473FE956-80E1-42DD-8889-346AB77521F6}.Debug|Any CPU.ActiveCfg = Debug|Any CPU
		{473FE956-80E1-42DD-8889-346AB77521F6}.Debug|Any CPU.Build.0 = Debug|Any CPU
		{473FE956-80E1-42DD-8889-346AB77521F6}.Debug|ARM.ActiveCfg = Debug|Any CPU
		{473FE956-80E1-42DD-8889-346AB77521F6}.Debug|ARM.Build.0 = Debug|Any CPU
		{473FE956-80E1-42DD-8889-346AB77521F6}.Debug|ARM64.ActiveCfg = Debug|Any CPU
		{473FE956-80E1-42DD-8889-346AB77521F6}.Debug|ARM64.Build.0 = Debug|Any CPU
		{473FE956-80E1-42DD-8889-346AB77521F6}.Debug|x64.ActiveCfg = Debug|Any CPU
		{473FE956-80E1-42DD-8889-346AB77521F6}.Debug|x64.Build.0 = Debug|Any CPU
		{473FE956-80E1-42DD-8889-346AB77521F6}.Debug|x86.ActiveCfg = Debug|Any CPU
		{473FE956-80E1-42DD-8889-346AB77521F6}.Debug|x86.Build.0 = Debug|Any CPU
		{473FE956-80E1-42DD-8889-346AB77521F6}.Release|Any CPU.ActiveCfg = Release|Any CPU
		{473FE956-80E1-42DD-8889-346AB77521F6}.Release|Any CPU.Build.0 = Release|Any CPU
		{473FE956-80E1-42DD-8889-346AB77521F6}.Release|ARM.ActiveCfg = Release|Any CPU
		{473FE956-80E1-42DD-8889-346AB77521F6}.Release|ARM.Build.0 = Release|Any CPU
		{473FE956-80E1-42DD-8889-346AB77521F6}.Release|ARM64.ActiveCfg = Release|Any CPU
		{473FE956-80E1-42DD-8889-346AB77521F6}.Release|ARM64.Build.0 = Release|Any CPU
		{473FE956-80E1-42DD-8889-346AB77521F6}.Release|x64.ActiveCfg = Release|Any CPU
		{473FE956-80E1-42DD-8889-346AB77521F6}.Release|x64.Build.0 = Release|Any CPU
		{473FE956-80E1-42DD-8889-346AB77521F6}.Release|x86.ActiveCfg = Release|Any CPU
		{473FE956-80E1-42DD-8889-346AB77521F6}.Release|x86.Build.0 = Release|Any CPU
	EndGlobalSection
	GlobalSection(SolutionProperties) = preSolution
		HideSolutionNode = FALSE
	EndGlobalSection
	GlobalSection(NestedProjects) = preSolution
		{599F6695-AA1D-4657-B57C-5852C8F7BE04} = {9F0FA310-5B02-4A83-BC85-AA2C977B024D}
		{A57B184C-89CC-47CF-9696-5D437F877710} = {9F0FA310-5B02-4A83-BC85-AA2C977B024D}
		{583743DD-DBF7-425B-B8DB-BC0F9B3DF67B} = {9F0FA310-5B02-4A83-BC85-AA2C977B024D}
		{84646A6F-54E1-415A-B424-980883FAB86D} = {9F0FA310-5B02-4A83-BC85-AA2C977B024D}
		{3C45CCBD-45FE-4EEA-91BA-B0B61BB5B481} = {9F0FA310-5B02-4A83-BC85-AA2C977B024D}
		{F9925C54-4F85-4566-A4A0-B31A09A8B0A2} = {9F0FA310-5B02-4A83-BC85-AA2C977B024D}
		{78B7E88A-05F2-41F4-BD49-6F05A10D8782} = {40194377-B67C-4B16-B19E-3A84090835A1}
		{B94E5885-DF26-4997-830F-FDD399E84733} = {40194377-B67C-4B16-B19E-3A84090835A1}
		{56957DC0-FF86-46CA-9061-D1AD47E653CE} = {13608681-180E-40DB-A8C2-E1608BEC58F0}
		{473FE956-80E1-42DD-8889-346AB77521F6} = {13608681-180E-40DB-A8C2-E1608BEC58F0}
	EndGlobalSection
	GlobalSection(ExtensibilityGlobals) = postSolution
		SolutionGuid = {B767C1C4-A1BB-4804-87ED-ECEBE6BACC63}
	EndGlobalSection
EndGlobal
